{
  "name": "@wyy-cli-dev/init",
  "version": "1.0.2",
  "lockfileVersion": 2,
  "requires": true,
  "packages": {
    "": {
      "name": "@wyy-cli-dev/init",
      "version": "1.0.2",
      "license": "ISC",
      "dependencies": {
        "@wyy-cli-dev/command": "file:../command",
        "@wyy-cli-dev/utils": "file:../utils"
      }
    },
    "../command": {
      "name": "@wyy-cli-dev/command",
      "version": "1.0.2",
      "license": "ISC",
      "dependencies": {
        "@wyy-cli-dev/utils": "file:../utils",
        "colors": "^1.4.0",
        "semver": "^7.3.7"
      }
    },
    "../utils": {
      "version": "1.0.2",
      "license": "ISC",
      "dependencies": {
        "axios": "^0.27.2",
        "npminstall": "^6.4.0",
        "npmlog": "^6.0.2",
        "semver": "^7.3.7",
        "url-join": "^4.0.1"
      }
    },
    "node_modules/@wyy-cli-dev/command": {
      "resolved": "../command",
      "link": true
    },
    "node_modules/@wyy-cli-dev/utils": {
      "resolved": "../utils",
      "link": true
    }
  },
  "dependencies": {
    "@wyy-cli-dev/command": {
      "version": "file:../command",
      "requires": {
        "@wyy-cli-dev/utils": "file:../utils",
        "colors": "^1.4.0",
        "semver": "^7.3.7"
      }
    },
    "@wyy-cli-dev/utils": {
      "version": "file:../utils",
      "requires": {
        "axios": "^0.27.2",
        "npminstall": "^6.4.0",
        "npmlog": "^6.0.2",
        "semver": "^7.3.7",
        "url-join": "^4.0.1"
      }
    }
  }
}
