{
  "name": "@wyy-cli-dev/exec",
  "version": "1.0.2",
  "lockfileVersion": 2,
  "requires": true,
  "packages": {
    "": {
      "name": "@wyy-cli-dev/exec",
      "version": "1.0.2",
      "license": "ISC",
      "dependencies": {
        "@wyy-cli-dev/package": "file:../package",
        "@wyy-cli-dev/utils": "file:../utils"
      }
    },
    "../package": {
      "name": "@wyy-cli-dev/package",
      "version": "1.0.2",
      "license": "ISC",
      "dependencies": {
        "@wyy-cli-dev/utils": "file:../utils",
        "pkg-dir": "^5.0.0"
      }
    },
    "../utils": {
      "name": "@wyy-cli-dev/utils",
      "version": "1.0.2",
      "license": "ISC",
      "dependencies": {
        "axios": "^0.27.2",
        "npmlog": "^6.0.2",
        "semver": "^7.3.7",
        "url-join": "^4.0.1"
      }
    },
    "node_modules/@wyy-cli-dev/package": {
      "resolved": "../package",
      "link": true
    },
    "node_modules/@wyy-cli-dev/utils": {
      "resolved": "../utils",
      "link": true
    }
  },
  "dependencies": {
    "@wyy-cli-dev/package": {
      "version": "file:../package",
      "requires": {
        "@wyy-cli-dev/utils": "file:../utils",
        "pkg-dir": "^5.0.0"
      }
    },
    "@wyy-cli-dev/utils": {
      "version": "file:../utils",
      "requires": {
        "axios": "^0.27.2",
        "npmlog": "^6.0.2",
        "semver": "^7.3.7",
        "url-join": "^4.0.1"
      }
    }
  }
}
