{
	"name": "@wyy-cli-dev/utils",
	"version": "1.0.1",
	"lockfileVersion": 2,
	"requires": true,
	"packages": {
		"": {
			"name": "@wyy-cli-dev/utils",
			"version": "1.0.0",
			"license": "ISC",
			"dependencies": {
				"wyy-cli": "^1.0.0"
			}
		},
		"node_modules/wyy-cli": {
			"version": "1.0.0",
			"resolved": "https://registry.npmjs.org/wyy-cli/-/wyy-cli-1.0.0.tgz",
			"integrity": "sha512-AqvMOdzJrymKMV3/pMJ4XGmgZfskG9mBl94RxKcMwA1p3N0D9/8SgFnt6dBLEprXydU/pLni24ZGtuAa9J8Bow==",
			"bin": {
				"wyy": "bin/index.js"
			}
		}
	},
	"dependencies": {
		"wyy-cli": {
			"version": "1.0.0",
			"resolved": "https://registry.npmjs.org/wyy-cli/-/wyy-cli-1.0.0.tgz",
			"integrity": "sha512-AqvMOdzJrymKMV3/pMJ4XGmgZfskG9mBl94RxKcMwA1p3N0D9/8SgFnt6dBLEprXydU/pLni24ZGtuAa9J8Bow=="
		}
	}
}
